// !$*UTF8*$!
{
	archiveVersion = 1;
	classes = {
	};
	objectVersion = 56;
	objects = {

/* Begin PBXBuildFile section */
		9F6768C32AD03BEE00E17473 /* CalculateRouteButton.swift in Sources */ = {isa = PBXBuildFile; fileRef = 9F6768C22AD03BEE00E17473 /* CalculateRouteButton.swift */; };
		CA02994A2ACD93F7006D4D23 /* FlightRouteFinder.swift in Sources */ = {isa = PBXBuildFile; fileRef = CA0299492ACD93F7006D4D23 /* FlightRouteFinder.swift */; };
		CA055F202ACB5ED90091C833 /* FlightConnectionsApp.swift in Sources */ = {isa = PBXBuildFile; fileRef = CA055F1F2ACB5ED90091C833 /* FlightConnectionsApp.swift */; };
		CA055F222ACB5ED90091C833 /* FlightConnectionsView.swift in Sources */ = {isa = PBXBuildFile; fileRef = CA055F212ACB5ED90091C833 /* FlightConnectionsView.swift */; };
		CA055F242ACB5ED90091C833 /* Assets.xcassets in Resources */ = {isa = PBXBuildFile; fileRef = CA055F232ACB5ED90091C833 /* Assets.xcassets */; };
		CA055F272ACB5ED90091C833 /* Preview Assets.xcassets in Resources */ = {isa = PBXBuildFile; fileRef = CA055F262ACB5ED90091C833 /* Preview Assets.xcassets */; };
		CA055F312ACB5EDA0091C833 /* Flight_ConnectionsTests.swift in Sources */ = {isa = PBXBuildFile; fileRef = CA055F302ACB5EDA0091C833 /* Flight_ConnectionsTests.swift */; };
		CA055F3B2ACB5EDA0091C833 /* Flight_ConnectionsUITests.swift in Sources */ = {isa = PBXBuildFile; fileRef = CA055F3A2ACB5EDA0091C833 /* Flight_ConnectionsUITests.swift */; };
		CA055F3D2ACB5EDA0091C833 /* Flight_ConnectionsUITestsLaunchTests.swift in Sources */ = {isa = PBXBuildFile; fileRef = CA055F3C2ACB5EDA0091C833 /* Flight_ConnectionsUITestsLaunchTests.swift */; };
		CA055F4E2ACB644B0091C833 /* Connections.swift in Sources */ = {isa = PBXBuildFile; fileRef = CA055F4D2ACB644B0091C833 /* Connections.swift */; };
		CA055F502ACB66D60091C833 /* Connection.swift in Sources */ = {isa = PBXBuildFile; fileRef = CA055F4F2ACB66D60091C833 /* Connection.swift */; };
		CA055F522ACB66E10091C833 /* Coordinates.swift in Sources */ = {isa = PBXBuildFile; fileRef = CA055F512ACB66E10091C833 /* Coordinates.swift */; };
		CA055F542ACB6B590091C833 /* Coordinate.swift in Sources */ = {isa = PBXBuildFile; fileRef = CA055F532ACB6B590091C833 /* Coordinate.swift */; };
		CA055F572ACB6FD10091C833 /* FlightServiceAPIProtocol.swift in Sources */ = {isa = PBXBuildFile; fileRef = CA055F562ACB6FD10091C833 /* FlightServiceAPIProtocol.swift */; };
		CA055F592ACB6FEB0091C833 /* FlightServiceAPI.swift in Sources */ = {isa = PBXBuildFile; fileRef = CA055F582ACB6FEB0091C833 /* FlightServiceAPI.swift */; };
		CA055F5C2ACB78440091C833 /* FlightServiceAPIError.swift in Sources */ = {isa = PBXBuildFile; fileRef = CA055F5B2ACB78440091C833 /* FlightServiceAPIError.swift */; };
		CA055F602ACB79BA0091C833 /* FlightConnectionsViewModel.swift in Sources */ = {isa = PBXBuildFile; fileRef = CA055F5F2ACB79BA0091C833 /* FlightConnectionsViewModel.swift */; };
		CA3D5E442ACCD278001E58AB /* MockFlightServiceAPI.swift in Sources */ = {isa = PBXBuildFile; fileRef = CA3D5E432ACCD278001E58AB /* MockFlightServiceAPI.swift */; };
		CAF942022AD08717002B52EE /* FlightRouteFinderProtocol.swift in Sources */ = {isa = PBXBuildFile; fileRef = CAF942012AD08717002B52EE /* FlightRouteFinderProtocol.swift */; };
		CAF942042AD0B1D5002B52EE /* RouteFinderError.swift in Sources */ = {isa = PBXBuildFile; fileRef = CAF942032AD0B1D5002B52EE /* RouteFinderError.swift */; };
		CAF942062AD0BEE4002B52EE /* City.swift in Sources */ = {isa = PBXBuildFile; fileRef = CAF942052AD0BEE4002B52EE /* City.swift */; };
/* End PBXBuildFile section */

/* Begin PBXContainerItemProxy section */
		CA055F2D2ACB5EDA0091C833 /* PBXContainerItemProxy */ = {
			isa = PBXContainerItemProxy;
			containerPortal = CA055F142ACB5ED90091C833 /* Project object */;
			proxyType = 1;
			remoteGlobalIDString = CA055F1B2ACB5ED90091C833;
			remoteInfo = "Flight Connections";
		};
		CA055F372ACB5EDA0091C833 /* PBXContainerItemProxy */ = {
			isa = PBXContainerItemProxy;
			containerPortal = CA055F142ACB5ED90091C833 /* Project object */;
			proxyType = 1;
			remoteGlobalIDString = CA055F1B2ACB5ED90091C833;
			remoteInfo = "Flight Connections";
		};
/* End PBXContainerItemProxy section */

/* Begin PBXFileReference section */
		9F6768C22AD03BEE00E17473 /* CalculateRouteButton.swift */ = {isa = PBXFileReference; lastKnownFileType = sourcecode.swift; path = CalculateRouteButton.swift; sourceTree = "<group>"; };
		CA0299492ACD93F7006D4D23 /* FlightRouteFinder.swift */ = {isa = PBXFileReference; lastKnownFileType = sourcecode.swift; path = FlightRouteFinder.swift; sourceTree = "<group>"; };
		CA055F1C2ACB5ED90091C833 /* Flight Connections.app */ = {isa = PBXFileReference; explicitFileType = wrapper.application; includeInIndex = 0; path = "Flight Connections.app"; sourceTree = BUILT_PRODUCTS_DIR; };
		CA055F1F2ACB5ED90091C833 /* FlightConnectionsApp.swift */ = {isa = PBXFileReference; lastKnownFileType = sourcecode.swift; path = FlightConnectionsApp.swift; sourceTree = "<group>"; };
		CA055F212ACB5ED90091C833 /* FlightConnectionsView.swift */ = {isa = PBXFileReference; lastKnownFileType = sourcecode.swift; path = FlightConnectionsView.swift; sourceTree = "<group>"; };
		CA055F232ACB5ED90091C833 /* Assets.xcassets */ = {isa = PBXFileReference; lastKnownFileType = folder.assetcatalog; path = Assets.xcassets; sourceTree = "<group>"; };
		CA055F262ACB5ED90091C833 /* Preview Assets.xcassets */ = {isa = PBXFileReference; lastKnownFileType = folder.assetcatalog; path = "Preview Assets.xcassets"; sourceTree = "<group>"; };
		CA055F2C2ACB5EDA0091C833 /* Flight ConnectionsTests.xctest */ = {isa = PBXFileReference; explicitFileType = wrapper.cfbundle; includeInIndex = 0; path = "Flight ConnectionsTests.xctest"; sourceTree = BUILT_PRODUCTS_DIR; };
		CA055F302ACB5EDA0091C833 /* Flight_ConnectionsTests.swift */ = {isa = PBXFileReference; lastKnownFileType = sourcecode.swift; path = Flight_ConnectionsTests.swift; sourceTree = "<group>"; };
		CA055F362ACB5EDA0091C833 /* Flight ConnectionsUITests.xctest */ = {isa = PBXFileReference; explicitFileType = wrapper.cfbundle; includeInIndex = 0; path = "Flight ConnectionsUITests.xctest"; sourceTree = BUILT_PRODUCTS_DIR; };
		CA055F3A2ACB5EDA0091C833 /* Flight_ConnectionsUITests.swift */ = {isa = PBXFileReference; lastKnownFileType = sourcecode.swift; path = Flight_ConnectionsUITests.swift; sourceTree = "<group>"; };
		CA055F3C2ACB5EDA0091C833 /* Flight_ConnectionsUITestsLaunchTests.swift */ = {isa = PBXFileReference; lastKnownFileType = sourcecode.swift; path = Flight_ConnectionsUITestsLaunchTests.swift; sourceTree = "<group>"; };
		CA055F4D2ACB644B0091C833 /* Connections.swift */ = {isa = PBXFileReference; lastKnownFileType = sourcecode.swift; path = Connections.swift; sourceTree = "<group>"; };
		CA055F4F2ACB66D60091C833 /* Connection.swift */ = {isa = PBXFileReference; lastKnownFileType = sourcecode.swift; path = Connection.swift; sourceTree = "<group>"; };
		CA055F512ACB66E10091C833 /* Coordinates.swift */ = {isa = PBXFileReference; lastKnownFileType = sourcecode.swift; path = Coordinates.swift; sourceTree = "<group>"; };
		CA055F532ACB6B590091C833 /* Coordinate.swift */ = {isa = PBXFileReference; lastKnownFileType = sourcecode.swift; path = Coordinate.swift; sourceTree = "<group>"; };
		CA055F562ACB6FD10091C833 /* FlightServiceAPIProtocol.swift */ = {isa = PBXFileReference; lastKnownFileType = sourcecode.swift; path = FlightServiceAPIProtocol.swift; sourceTree = "<group>"; };
		CA055F582ACB6FEB0091C833 /* FlightServiceAPI.swift */ = {isa = PBXFileReference; lastKnownFileType = sourcecode.swift; path = FlightServiceAPI.swift; sourceTree = "<group>"; };
		CA055F5B2ACB78440091C833 /* FlightServiceAPIError.swift */ = {isa = PBXFileReference; lastKnownFileType = sourcecode.swift; path = FlightServiceAPIError.swift; sourceTree = "<group>"; };
		CA055F5F2ACB79BA0091C833 /* FlightConnectionsViewModel.swift */ = {isa = PBXFileReference; lastKnownFileType = sourcecode.swift; path = FlightConnectionsViewModel.swift; sourceTree = "<group>"; };
		CA3D5E432ACCD278001E58AB /* MockFlightServiceAPI.swift */ = {isa = PBXFileReference; lastKnownFileType = sourcecode.swift; path = MockFlightServiceAPI.swift; sourceTree = "<group>"; };
		CAF942012AD08717002B52EE /* FlightRouteFinderProtocol.swift */ = {isa = PBXFileReference; lastKnownFileType = sourcecode.swift; path = FlightRouteFinderProtocol.swift; sourceTree = "<group>"; };
		CAF942032AD0B1D5002B52EE /* RouteFinderError.swift */ = {isa = PBXFileReference; lastKnownFileType = sourcecode.swift; path = RouteFinderError.swift; sourceTree = "<group>"; };
		CAF942052AD0BEE4002B52EE /* City.swift */ = {isa = PBXFileReference; lastKnownFileType = sourcecode.swift; path = City.swift; sourceTree = "<group>"; };
/* End PBXFileReference section */

/* Begin PBXFrameworksBuildPhase section */
		CA055F192ACB5ED90091C833 /* Frameworks */ = {
			isa = PBXFrameworksBuildPhase;
			buildActionMask = 2147483647;
			files = (
			);
			runOnlyForDeploymentPostprocessing = 0;
		};
		CA055F292ACB5EDA0091C833 /* Frameworks */ = {
			isa = PBXFrameworksBuildPhase;
			buildActionMask = 2147483647;
			files = (
			);
			runOnlyForDeploymentPostprocessing = 0;
		};
		CA055F332ACB5EDA0091C833 /* Frameworks */ = {
			isa = PBXFrameworksBuildPhase;
			buildActionMask = 2147483647;
			files = (
			);
			runOnlyForDeploymentPostprocessing = 0;
		};
/* End PBXFrameworksBuildPhase section */

/* Begin PBXGroup section */
		CA0299482ACD9378006D4D23 /* Utilities */ = {
			isa = PBXGroup;
			children = (
				CAF942012AD08717002B52EE /* FlightRouteFinderProtocol.swift */,
				CA0299492ACD93F7006D4D23 /* FlightRouteFinder.swift */,
			);
			path = Utilities;
			sourceTree = "<group>";
		};
		CA055F132ACB5ED90091C833 = {
			isa = PBXGroup;
			children = (
				CA055F1E2ACB5ED90091C833 /* Flight Connections */,
				CA055F2F2ACB5EDA0091C833 /* Flight ConnectionsTests */,
				CA055F392ACB5EDA0091C833 /* Flight ConnectionsUITests */,
				CA055F1D2ACB5ED90091C833 /* Products */,
			);
			sourceTree = "<group>";
		};
		CA055F1D2ACB5ED90091C833 /* Products */ = {
			isa = PBXGroup;
			children = (
				CA055F1C2ACB5ED90091C833 /* Flight Connections.app */,
				CA055F2C2ACB5EDA0091C833 /* Flight ConnectionsTests.xctest */,
				CA055F362ACB5EDA0091C833 /* Flight ConnectionsUITests.xctest */,
			);
			name = Products;
			sourceTree = "<group>";
		};
		CA055F1E2ACB5ED90091C833 /* Flight Connections */ = {
			isa = PBXGroup;
			children = (
				CA055F1F2ACB5ED90091C833 /* FlightConnectionsApp.swift */,
				CA055F552ACB6FAB0091C833 /* Services */,
				CA055F5D2ACB79960091C833 /* Views */,
				CA0299482ACD9378006D4D23 /* Utilities */,
				CA055F5E2ACB79A40091C833 /* ViewModels */,
				CA055F4C2ACB64370091C833 /* Models */,
				CA3D5E422ACCD264001E58AB /* Mocks */,
				CA055F5A2ACB782A0091C833 /* Error Handling */,
				CA055F232ACB5ED90091C833 /* Assets.xcassets */,
				CA055F252ACB5ED90091C833 /* Preview Content */,
			);
			path = "Flight Connections";
			sourceTree = "<group>";
		};
		CA055F252ACB5ED90091C833 /* Preview Content */ = {
			isa = PBXGroup;
			children = (
				CA055F262ACB5ED90091C833 /* Preview Assets.xcassets */,
			);
			path = "Preview Content";
			sourceTree = "<group>";
		};
		CA055F2F2ACB5EDA0091C833 /* Flight ConnectionsTests */ = {
			isa = PBXGroup;
			children = (
				CA055F302ACB5EDA0091C833 /* Flight_ConnectionsTests.swift */,
			);
			path = "Flight ConnectionsTests";
			sourceTree = "<group>";
		};
		CA055F392ACB5EDA0091C833 /* Flight ConnectionsUITests */ = {
			isa = PBXGroup;
			children = (
				CA055F3A2ACB5EDA0091C833 /* Flight_ConnectionsUITests.swift */,
				CA055F3C2ACB5EDA0091C833 /* Flight_ConnectionsUITestsLaunchTests.swift */,
			);
			path = "Flight ConnectionsUITests";
			sourceTree = "<group>";
		};
		CA055F4C2ACB64370091C833 /* Models */ = {
			isa = PBXGroup;
			children = (
				CA055F4D2ACB644B0091C833 /* Connections.swift */,
				CA055F4F2ACB66D60091C833 /* Connection.swift */,
				CA055F512ACB66E10091C833 /* Coordinates.swift */,
				CA055F532ACB6B590091C833 /* Coordinate.swift */,
				CAF942052AD0BEE4002B52EE /* City.swift */,
			);
			path = Models;
			sourceTree = "<group>";
		};
		CA055F552ACB6FAB0091C833 /* Services */ = {
			isa = PBXGroup;
			children = (
				CA055F562ACB6FD10091C833 /* FlightServiceAPIProtocol.swift */,
				CA055F582ACB6FEB0091C833 /* FlightServiceAPI.swift */,
			);
			path = Services;
			sourceTree = "<group>";
		};
		CA055F5A2ACB782A0091C833 /* Error Handling */ = {
			isa = PBXGroup;
			children = (
				CA055F5B2ACB78440091C833 /* FlightServiceAPIError.swift */,
				CAF942032AD0B1D5002B52EE /* RouteFinderError.swift */,
			);
			path = "Error Handling";
			sourceTree = "<group>";
		};
		CA055F5D2ACB79960091C833 /* Views */ = {
			isa = PBXGroup;
			children = (
				CA055F212ACB5ED90091C833 /* FlightConnectionsView.swift */,
				9F6768C22AD03BEE00E17473 /* CalculateRouteButton.swift */,
			);
			path = Views;
			sourceTree = "<group>";
		};
		CA055F5E2ACB79A40091C833 /* ViewModels */ = {
			isa = PBXGroup;
			children = (
				CA055F5F2ACB79BA0091C833 /* FlightConnectionsViewModel.swift */,
			);
			path = ViewModels;
			sourceTree = "<group>";
		};
		CA3D5E422ACCD264001E58AB /* Mocks */ = {
			isa = PBXGroup;
			children = (
				CA3D5E432ACCD278001E58AB /* MockFlightServiceAPI.swift */,
			);
			path = Mocks;
			sourceTree = "<group>";
		};
/* End PBXGroup section */

/* Begin PBXNativeTarget section */
		CA055F1B2ACB5ED90091C833 /* Flight Connections */ = {
			isa = PBXNativeTarget;
			buildConfigurationList = CA055F402ACB5EDA0091C833 /* Build configuration list for PBXNativeTarget "Flight Connections" */;
			buildPhases = (
				CA055F182ACB5ED90091C833 /* Sources */,
				CA055F192ACB5ED90091C833 /* Frameworks */,
				CA055F1A2ACB5ED90091C833 /* Resources */,
			);
			buildRules = (
			);
			dependencies = (
			);
			name = "Flight Connections";
			productName = "Flight Connections";
			productReference = CA055F1C2ACB5ED90091C833 /* Flight Connections.app */;
			productType = "com.apple.product-type.application";
		};
		CA055F2B2ACB5EDA0091C833 /* Flight ConnectionsTests */ = {
			isa = PBXNativeTarget;
			buildConfigurationList = CA055F432ACB5EDA0091C833 /* Build configuration list for PBXNativeTarget "Flight ConnectionsTests" */;
			buildPhases = (
				CA055F282ACB5EDA0091C833 /* Sources */,
				CA055F292ACB5EDA0091C833 /* Frameworks */,
				CA055F2A2ACB5EDA0091C833 /* Resources */,
			);
			buildRules = (
			);
			dependencies = (
				CA055F2E2ACB5EDA0091C833 /* PBXTargetDependency */,
			);
			name = "Flight ConnectionsTests";
			productName = "Flight ConnectionsTests";
			productReference = CA055F2C2ACB5EDA0091C833 /* Flight ConnectionsTests.xctest */;
			productType = "com.apple.product-type.bundle.unit-test";
		};
		CA055F352ACB5EDA0091C833 /* Flight ConnectionsUITests */ = {
			isa = PBXNativeTarget;
			buildConfigurationList = CA055F462ACB5EDA0091C833 /* Build configuration list for PBXNativeTarget "Flight ConnectionsUITests" */;
			buildPhases = (
				CA055F322ACB5EDA0091C833 /* Sources */,
				CA055F332ACB5EDA0091C833 /* Frameworks */,
				CA055F342ACB5EDA0091C833 /* Resources */,
			);
			buildRules = (
			);
			dependencies = (
				CA055F382ACB5EDA0091C833 /* PBXTargetDependency */,
			);
			name = "Flight ConnectionsUITests";
			productName = "Flight ConnectionsUITests";
			productReference = CA055F362ACB5EDA0091C833 /* Flight ConnectionsUITests.xctest */;
			productType = "com.apple.product-type.bundle.ui-testing";
		};
/* End PBXNativeTarget section */

/* Begin PBXProject section */
		CA055F142ACB5ED90091C833 /* Project object */ = {
			isa = PBXProject;
			attributes = {
				BuildIndependentTargetsInParallel = 1;
				LastSwiftUpdateCheck = 1500;
				LastUpgradeCheck = 1500;
				TargetAttributes = {
					CA055F1B2ACB5ED90091C833 = {
						CreatedOnToolsVersion = 15.0;
					};
					CA055F2B2ACB5EDA0091C833 = {
						CreatedOnToolsVersion = 15.0;
						TestTargetID = CA055F1B2ACB5ED90091C833;
					};
					CA055F352ACB5EDA0091C833 = {
						CreatedOnToolsVersion = 15.0;
						TestTargetID = CA055F1B2ACB5ED90091C833;
					};
				};
			};
			buildConfigurationList = CA055F172ACB5ED90091C833 /* Build configuration list for PBXProject "Flight Connections" */;
			compatibilityVersion = "Xcode 14.0";
			developmentRegion = en;
			hasScannedForEncodings = 0;
			knownRegions = (
				en,
				Base,
			);
			mainGroup = CA055F132ACB5ED90091C833;
			productRefGroup = CA055F1D2ACB5ED90091C833 /* Products */;
			projectDirPath = "";
			projectRoot = "";
			targets = (
				CA055F1B2ACB5ED90091C833 /* Flight Connections */,
				CA055F2B2ACB5EDA0091C833 /* Flight ConnectionsTests */,
				CA055F352ACB5EDA0091C833 /* Flight ConnectionsUITests */,
			);
		};
/* End PBXProject section */

/* Begin PBXResourcesBuildPhase section */
		CA055F1A2ACB5ED90091C833 /* Resources */ = {
			isa = PBXResourcesBuildPhase;
			buildActionMask = 2147483647;
			files = (
				CA055F272ACB5ED90091C833 /* Preview Assets.xcassets in Resources */,
				CA055F242ACB5ED90091C833 /* Assets.xcassets in Resources */,
			);
			runOnlyForDeploymentPostprocessing = 0;
		};
		CA055F2A2ACB5EDA0091C833 /* Resources */ = {
			isa = PBXResourcesBuildPhase;
			buildActionMask = 2147483647;
			files = (
			);
			runOnlyForDeploymentPostprocessing = 0;
		};
		CA055F342ACB5EDA0091C833 /* Resources */ = {
			isa = PBXResourcesBuildPhase;
			buildActionMask = 2147483647;
			files = (
			);
			runOnlyForDeploymentPostprocessing = 0;
		};
/* End PBXResourcesBuildPhase section */

/* Begin PBXSourcesBuildPhase section */
		CA055F182ACB5ED90091C833 /* Sources */ = {
			isa = PBXSourcesBuildPhase;
			buildActionMask = 2147483647;
			files = (
				9F6768C32AD03BEE00E17473 /* CalculateRouteButton.swift in Sources */,
				CAF942042AD0B1D5002B52EE /* RouteFinderError.swift in Sources */,
				CAF942062AD0BEE4002B52EE /* City.swift in Sources */,
				CA3D5E442ACCD278001E58AB /* MockFlightServiceAPI.swift in Sources */,
				CA055F572ACB6FD10091C833 /* FlightServiceAPIProtocol.swift in Sources */,
				CA055F5C2ACB78440091C833 /* FlightServiceAPIError.swift in Sources */,
				CAF942022AD08717002B52EE /* FlightRouteFinderProtocol.swift in Sources */,
				CA055F222ACB5ED90091C833 /* FlightConnectionsView.swift in Sources */,
				CA02994A2ACD93F7006D4D23 /* FlightRouteFinder.swift in Sources */,
				CA055F592ACB6FEB0091C833 /* FlightServiceAPI.swift in Sources */,
				CA055F4E2ACB644B0091C833 /* Connections.swift in Sources */,
				CA055F202ACB5ED90091C833 /* FlightConnectionsApp.swift in Sources */,
				CA055F602ACB79BA0091C833 /* FlightConnectionsViewModel.swift in Sources */,
				CA055F502ACB66D60091C833 /* Connection.swift in Sources */,
				CA055F522ACB66E10091C833 /* Coordinates.swift in Sources */,
				CA055F542ACB6B590091C833 /* Coordinate.swift in Sources */,
			);
			runOnlyForDeploymentPostprocessing = 0;
		};
		CA055F282ACB5EDA0091C833 /* Sources */ = {
			isa = PBXSourcesBuildPhase;
			buildActionMask = 2147483647;
			files = (
				CA055F312ACB5EDA0091C833 /* Flight_ConnectionsTests.swift in Sources */,
			);
			runOnlyForDeploymentPostprocessing = 0;
		};
		CA055F322ACB5EDA0091C833 /* Sources */ = {
			isa = PBXSourcesBuildPhase;
			buildActionMask = 2147483647;
			files = (
				CA055F3D2ACB5EDA0091C833 /* Flight_ConnectionsUITestsLaunchTests.swift in Sources */,
				CA055F3B2ACB5EDA0091C833 /* Flight_ConnectionsUITests.swift in Sources */,
			);
			runOnlyForDeploymentPostprocessing = 0;
		};
/* End PBXSourcesBuildPhase section */

/* Begin PBXTargetDependency section */
		CA055F2E2ACB5EDA0091C833 /* PBXTargetDependency */ = {
			isa = PBXTargetDependency;
			target = CA055F1B2ACB5ED90091C833 /* Flight Connections */;
			targetProxy = CA055F2D2ACB5EDA0091C833 /* PBXContainerItemProxy */;
		};
		CA055F382ACB5EDA0091C833 /* PBXTargetDependency */ = {
			isa = PBXTargetDependency;
			target = CA055F1B2ACB5ED90091C833 /* Flight Connections */;
			targetProxy = CA055F372ACB5EDA0091C833 /* PBXContainerItemProxy */;
		};
/* End PBXTargetDependency section */

/* Begin XCBuildConfiguration section */
		CA055F3E2ACB5EDA0091C833 /* Debug */ = {
			isa = XCBuildConfiguration;
			buildSettings = {
				ALWAYS_SEARCH_USER_PATHS = NO;
				ASSETCATALOG_COMPILER_GENERATE_SWIFT_ASSET_SYMBOL_EXTENSIONS = YES;
				CLANG_ANALYZER_NONNULL = YES;
				CLANG_ANALYZER_NUMBER_OBJECT_CONVERSION = YES_AGGRESSIVE;
				CLANG_CXX_LANGUAGE_STANDARD = "gnu++20";
				CLANG_ENABLE_MODULES = YES;
				CLANG_ENABLE_OBJC_ARC = YES;
				CLANG_ENABLE_OBJC_WEAK = YES;
				CLANG_WARN_BLOCK_CAPTURE_AUTORELEASING = YES;
				CLANG_WARN_BOOL_CONVERSION = YES;
				CLANG_WARN_COMMA = YES;
				CLANG_WARN_CONSTANT_CONVERSION = YES;
				CLANG_WARN_DEPRECATED_OBJC_IMPLEMENTATIONS = YES;
				CLANG_WARN_DIRECT_OBJC_ISA_USAGE = YES_ERROR;
				CLANG_WARN_DOCUMENTATION_COMMENTS = YES;
				CLANG_WARN_EMPTY_BODY = YES;
				CLANG_WARN_ENUM_CONVERSION = YES;
				CLANG_WARN_INFINITE_RECURSION = YES;
				CLANG_WARN_INT_CONVERSION = YES;
				CLANG_WARN_NON_LITERAL_NULL_CONVERSION = YES;
				CLANG_WARN_OBJC_IMPLICIT_RETAIN_SELF = YES;
				CLANG_WARN_OBJC_LITERAL_CONVERSION = YES;
				CLANG_WARN_OBJC_ROOT_CLASS = YES_ERROR;
				CLANG_WARN_QUOTED_INCLUDE_IN_FRAMEWORK_HEADER = YES;
				CLANG_WARN_RANGE_LOOP_ANALYSIS = YES;
				CLANG_WARN_STRICT_PROTOTYPES = YES;
				CLANG_WARN_SUSPICIOUS_MOVE = YES;
				CLANG_WARN_UNGUARDED_AVAILABILITY = YES_AGGRESSIVE;
				CLANG_WARN_UNREACHABLE_CODE = YES;
				CLANG_WARN__DUPLICATE_METHOD_MATCH = YES;
				COPY_PHASE_STRIP = NO;
				DEBUG_INFORMATION_FORMAT = dwarf;
				ENABLE_STRICT_OBJC_MSGSEND = YES;
				ENABLE_TESTABILITY = YES;
				ENABLE_USER_SCRIPT_SANDBOXING = YES;
				GCC_C_LANGUAGE_STANDARD = gnu17;
				GCC_DYNAMIC_NO_PIC = NO;
				GCC_NO_COMMON_BLOCKS = YES;
				GCC_OPTIMIZATION_LEVEL = 0;
				GCC_PREPROCESSOR_DEFINITIONS = (
					"DEBUG=1",
					"$(inherited)",
				);
				GCC_WARN_64_TO_32_BIT_CONVERSION = YES;
				GCC_WARN_ABOUT_RETURN_TYPE = YES_ERROR;
				GCC_WARN_UNDECLARED_SELECTOR = YES;
				GCC_WARN_UNINITIALIZED_AUTOS = YES_AGGRESSIVE;
				GCC_WARN_UNUSED_FUNCTION = YES;
				GCC_WARN_UNUSED_VARIABLE = YES;
				IPHONEOS_DEPLOYMENT_TARGET = 17.0;
				LOCALIZATION_PREFERS_STRING_CATALOGS = YES;
				MTL_ENABLE_DEBUG_INFO = INCLUDE_SOURCE;
				MTL_FAST_MATH = YES;
				ONLY_ACTIVE_ARCH = YES;
				SDKROOT = iphoneos;
				SWIFT_ACTIVE_COMPILATION_CONDITIONS = "DEBUG $(inherited)";
				SWIFT_OPTIMIZATION_LEVEL = "-Onone";
			};
			name = Debug;
		};
		CA055F3F2ACB5EDA0091C833 /* Release */ = {
			isa = XCBuildConfiguration;
			buildSettings = {
				ALWAYS_SEARCH_USER_PATHS = NO;
				ASSETCATALOG_COMPILER_GENERATE_SWIFT_ASSET_SYMBOL_EXTENSIONS = YES;
				CLANG_ANALYZER_NONNULL = YES;
				CLANG_ANALYZER_NUMBER_OBJECT_CONVERSION = YES_AGGRESSIVE;
				CLANG_CXX_LANGUAGE_STANDARD = "gnu++20";
				CLANG_ENABLE_MODULES = YES;
				CLANG_ENABLE_OBJC_ARC = YES;
				CLANG_ENABLE_OBJC_WEAK = YES;
				CLANG_WARN_BLOCK_CAPTURE_AUTORELEASING = YES;
				CLANG_WARN_BOOL_CONVERSION = YES;
				CLANG_WARN_COMMA = YES;
				CLANG_WARN_CONSTANT_CONVERSION = YES;
				CLANG_WARN_DEPRECATED_OBJC_IMPLEMENTATIONS = YES;
				CLANG_WARN_DIRECT_OBJC_ISA_USAGE = YES_ERROR;
				CLANG_WARN_DOCUMENTATION_COMMENTS = YES;
				CLANG_WARN_EMPTY_BODY = YES;
				CLANG_WARN_ENUM_CONVERSION = YES;
				CLANG_WARN_INFINITE_RECURSION = YES;
				CLANG_WARN_INT_CONVERSION = YES;
				CLANG_WARN_NON_LITERAL_NULL_CONVERSION = YES;
				CLANG_WARN_OBJC_IMPLICIT_RETAIN_SELF = YES;
				CLANG_WARN_OBJC_LITERAL_CONVERSION = YES;
				CLANG_WARN_OBJC_ROOT_CLASS = YES_ERROR;
				CLANG_WARN_QUOTED_INCLUDE_IN_FRAMEWORK_HEADER = YES;
				CLANG_WARN_RANGE_LOOP_ANALYSIS = YES;
				CLANG_WARN_STRICT_PROTOTYPES = YES;
				CLANG_WARN_SUSPICIOUS_MOVE = YES;
				CLANG_WARN_UNGUARDED_AVAILABILITY = YES_AGGRESSIVE;
				CLANG_WARN_UNREACHABLE_CODE = YES;
				CLANG_WARN__DUPLICATE_METHOD_MATCH = YES;
				COPY_PHASE_STRIP = NO;
				DEBUG_INFORMATION_FORMAT = "dwarf-with-dsym";
				ENABLE_NS_ASSERTIONS = NO;
				ENABLE_STRICT_OBJC_MSGSEND = YES;
				ENABLE_USER_SCRIPT_SANDBOXING = YES;
				GCC_C_LANGUAGE_STANDARD = gnu17;
				GCC_NO_COMMON_BLOCKS = YES;
				GCC_WARN_64_TO_32_BIT_CONVERSION = YES;
				GCC_WARN_ABOUT_RETURN_TYPE = YES_ERROR;
				GCC_WARN_UNDECLARED_SELECTOR = YES;
				GCC_WARN_UNINITIALIZED_AUTOS = YES_AGGRESSIVE;
				GCC_WARN_UNUSED_FUNCTION = YES;
				GCC_WARN_UNUSED_VARIABLE = YES;
				IPHONEOS_DEPLOYMENT_TARGET = 17.0;
				LOCALIZATION_PREFERS_STRING_CATALOGS = YES;
				MTL_ENABLE_DEBUG_INFO = NO;
				MTL_FAST_MATH = YES;
				SDKROOT = iphoneos;
				SWIFT_COMPILATION_MODE = wholemodule;
				VALIDATE_PRODUCT = YES;
			};
			name = Release;
		};
		CA055F412ACB5EDA0091C833 /* Debug */ = {
			isa = XCBuildConfiguration;
			buildSettings = {
				ASSETCATALOG_COMPILER_APPICON_NAME = AppIcon;
				ASSETCATALOG_COMPILER_GLOBAL_ACCENT_COLOR_NAME = AccentColor;
				CODE_SIGN_STYLE = Automatic;
				CURRENT_PROJECT_VERSION = 1;
				DEVELOPMENT_ASSET_PATHS = "\"Flight Connections/Preview Content\"";
				DEVELOPMENT_TEAM = Q489L7H6Q5;
				ENABLE_PREVIEWS = YES;
				GENERATE_INFOPLIST_FILE = YES;
				INFOPLIST_KEY_UIApplicationSceneManifest_Generation = YES;
				INFOPLIST_KEY_UIApplicationSupportsIndirectInputEvents = YES;
				INFOPLIST_KEY_UILaunchScreen_Generation = YES;
				INFOPLIST_KEY_UISupportedInterfaceOrientations_iPad = "UIInterfaceOrientationPortrait UIInterfaceOrientationPortraitUpsideDown UIInterfaceOrientationLandscapeLeft UIInterfaceOrientationLandscapeRight";
				INFOPLIST_KEY_UISupportedInterfaceOrientations_iPhone = "UIInterfaceOrientationPortrait UIInterfaceOrientationLandscapeLeft UIInterfaceOrientationLandscapeRight";
				LD_RUNPATH_SEARCH_PATHS = (
					"$(inherited)",
					"@executable_path/Frameworks",
				);
				MARKETING_VERSION = 1.0;
				PRODUCT_BUNDLE_IDENTIFIER = "com.jjpimentaoliveira.Flight-Connections";
				PRODUCT_NAME = "$(TARGET_NAME)";
				SWIFT_EMIT_LOC_STRINGS = YES;
				SWIFT_VERSION = 5.0;
				TARGETED_DEVICE_FAMILY = "1,2";
			};
			name = Debug;
		};
		CA055F422ACB5EDA0091C833 /* Release */ = {
			isa = XCBuildConfiguration;
			buildSettings = {
				ASSETCATALOG_COMPILER_APPICON_NAME = AppIcon;
				ASSETCATALOG_COMPILER_GLOBAL_ACCENT_COLOR_NAME = AccentColor;
				CODE_SIGN_STYLE = Automatic;
				CURRENT_PROJECT_VERSION = 1;
				DEVELOPMENT_ASSET_PATHS = "\"Flight Connections/Preview Content\"";
				DEVELOPMENT_TEAM = Q489L7H6Q5;
				ENABLE_PREVIEWS = YES;
				GENERATE_INFOPLIST_FILE = YES;
				INFOPLIST_KEY_UIApplicationSceneManifest_Generation = YES;
				INFOPLIST_KEY_UIApplicationSupportsIndirectInputEvents = YES;
				INFOPLIST_KEY_UILaunchScreen_Generation = YES;
				INFOPLIST_KEY_UISupportedInterfaceOrientations_iPad = "UIInterfaceOrientationPortrait UIInterfaceOrientationPortraitUpsideDown UIInterfaceOrientationLandscapeLeft UIInterfaceOrientationLandscapeRight";
				INFOPLIST_KEY_UISupportedInterfaceOrientations_iPhone = "UIInterfaceOrientationPortrait UIInterfaceOrientationLandscapeLeft UIInterfaceOrientationLandscapeRight";
				LD_RUNPATH_SEARCH_PATHS = (
					"$(inherited)",
					"@executable_path/Frameworks",
				);
				MARKETING_VERSION = 1.0;
				PRODUCT_BUNDLE_IDENTIFIER = "com.jjpimentaoliveira.Flight-Connections";
				PRODUCT_NAME = "$(TARGET_NAME)";
				SWIFT_EMIT_LOC_STRINGS = YES;
				SWIFT_VERSION = 5.0;
				TARGETED_DEVICE_FAMILY = "1,2";
			};
			name = Release;
		};
		CA055F442ACB5EDA0091C833 /* Debug */ = {
			isa = XCBuildConfiguration;
			buildSettings = {
				ALWAYS_EMBED_SWIFT_STANDARD_LIBRARIES = YES;
				BUNDLE_LOADER = "$(TEST_HOST)";
				CODE_SIGN_STYLE = Automatic;
				CURRENT_PROJECT_VERSION = 1;
				DEVELOPMENT_TEAM = Q489L7H6Q5;
				GENERATE_INFOPLIST_FILE = YES;
				IPHONEOS_DEPLOYMENT_TARGET = 17.0;
				MARKETING_VERSION = 1.0;
				PRODUCT_BUNDLE_IDENTIFIER = "com.jjpimentaoliveira.Flight-ConnectionsTests";
				PRODUCT_NAME = "$(TARGET_NAME)";
				SWIFT_EMIT_LOC_STRINGS = NO;
				SWIFT_VERSION = 5.0;
				TARGETED_DEVICE_FAMILY = "1,2";
				TEST_HOST = "$(BUILT_PRODUCTS_DIR)/Flight Connections.app/$(BUNDLE_EXECUTABLE_FOLDER_PATH)/Flight Connections";
			};
			name = Debug;
		};
		CA055F452ACB5EDA0091C833 /* Release */ = {
			isa = XCBuildConfiguration;
			buildSettings = {
				ALWAYS_EMBED_SWIFT_STANDARD_LIBRARIES = YES;
				BUNDLE_LOADER = "$(TEST_HOST)";
				CODE_SIGN_STYLE = Automatic;
				CURRENT_PROJECT_VERSION = 1;
				DEVELOPMENT_TEAM = Q489L7H6Q5;
				GENERATE_INFOPLIST_FILE = YES;
				IPHONEOS_DEPLOYMENT_TARGET = 17.0;
				MARKETING_VERSION = 1.0;
				PRODUCT_BUNDLE_IDENTIFIER = "com.jjpimentaoliveira.Flight-ConnectionsTests";
				PRODUCT_NAME = "$(TARGET_NAME)";
				SWIFT_EMIT_LOC_STRINGS = NO;
				SWIFT_VERSION = 5.0;
				TARGETED_DEVICE_FAMILY = "1,2";
				TEST_HOST = "$(BUILT_PRODUCTS_DIR)/Flight Connections.app/$(BUNDLE_EXECUTABLE_FOLDER_PATH)/Flight Connections";
			};
			name = Release;
		};
		CA055F472ACB5EDA0091C833 /* Debug */ = {
			isa = XCBuildConfiguration;
			buildSettings = {
				ALWAYS_EMBED_SWIFT_STANDARD_LIBRARIES = YES;
				CODE_SIGN_STYLE = Automatic;
				CURRENT_PROJECT_VERSION = 1;
				DEVELOPMENT_TEAM = Q489L7H6Q5;
				GENERATE_INFOPLIST_FILE = YES;
				MARKETING_VERSION = 1.0;
				PRODUCT_BUNDLE_IDENTIFIER = "com.jjpimentaoliveira.Flight-ConnectionsUITests";
				PRODUCT_NAME = "$(TARGET_NAME)";
				SWIFT_EMIT_LOC_STRINGS = NO;
				SWIFT_VERSION = 5.0;
				TARGETED_DEVICE_FAMILY = "1,2";
				TEST_TARGET_NAME = "Flight Connections";
			};
			name = Debug;
		};
		CA055F482ACB5EDA0091C833 /* Release */ = {
			isa = XCBuildConfiguration;
			buildSettings = {
				ALWAYS_EMBED_SWIFT_STANDARD_LIBRARIES = YES;
				CODE_SIGN_STYLE = Automatic;
				CURRENT_PROJECT_VERSION = 1;
				DEVELOPMENT_TEAM = Q489L7H6Q5;
				GENERATE_INFOPLIST_FILE = YES;
				MARKETING_VERSION = 1.0;
				PRODUCT_BUNDLE_IDENTIFIER = "com.jjpimentaoliveira.Flight-ConnectionsUITests";
				PRODUCT_NAME = "$(TARGET_NAME)";
				SWIFT_EMIT_LOC_STRINGS = NO;
				SWIFT_VERSION = 5.0;
				TARGETED_DEVICE_FAMILY = "1,2";
				TEST_TARGET_NAME = "Flight Connections";
			};
			name = Release;
		};
/* End XCBuildConfiguration section */

/* Begin XCConfigurationList section */
		CA055F172ACB5ED90091C833 /* Build configuration list for PBXProject "Flight Connections" */ = {
			isa = XCConfigurationList;
			buildConfigurations = (
				CA055F3E2ACB5EDA0091C833 /* Debug */,
				CA055F3F2ACB5EDA0091C833 /* Release */,
			);
			defaultConfigurationIsVisible = 0;
			defaultConfigurationName = Release;
		};
		CA055F402ACB5EDA0091C833 /* Build configuration list for PBXNativeTarget "Flight Connections" */ = {
			isa = XCConfigurationList;
			buildConfigurations = (
				CA055F412ACB5EDA0091C833 /* Debug */,
				CA055F422ACB5EDA0091C833 /* Release */,
			);
			defaultConfigurationIsVisible = 0;
			defaultConfigurationName = Release;
		};
		CA055F432ACB5EDA0091C833 /* Build configuration list for PBXNativeTarget "Flight ConnectionsTests" */ = {
			isa = XCConfigurationList;
			buildConfigurations = (
				CA055F442ACB5EDA0091C833 /* Debug */,
				CA055F452ACB5EDA0091C833 /* Release */,
			);
			defaultConfigurationIsVisible = 0;
			defaultConfigurationName = Release;
		};
		CA055F462ACB5EDA0091C833 /* Build configuration list for PBXNativeTarget "Flight ConnectionsUITests" */ = {
			isa = XCConfigurationList;
			buildConfigurations = (
				CA055F472ACB5EDA0091C833 /* Debug */,
				CA055F482ACB5EDA0091C833 /* Release */,
			);
			defaultConfigurationIsVisible = 0;
			defaultConfigurationName = Release;
		};
/* End XCConfigurationList section */
	};
	rootObject = CA055F142ACB5ED90091C833 /* Project object */;
}
